
Microsoft Visual Studio Solution File, Format Version 12.00
# Visual Studio 14
VisualStudioVersion = 14.0.25123.0
MinimumVisualStudioVersion = 10.0.40219.1
Project("{FAE04EC0-301F-11D3-BF4B-00C04F79EFBC}") = "SEA.P", "SEA.P\SEA.P.csproj", "{928283B9-5511-4DD4-905E-9A8B8D532344}"
EndProject
Project("{FAE04EC0-301F-11D3-BF4B-00C04F79EFBC}") = "SEA.GM", "SEA.GM\SEA.GM.csproj", "{20747327-396B-49AB-ADAF-BB66B78D94A1}"
EndProject
Project("{2150E333-8FDC-42A3-9474-1A3956D46DE8}") = "Utilities", "Utilities", "{D565CB77-FE64-467B-A37D-963C13EEE55D}"
	ProjectSection(SolutionItems) = preProject
		Utilities\netsh.delete.bat = Utilities\netsh.delete.bat
		Utilities\netsh.update.bat = Utilities\netsh.update.bat
	EndProjectSection
EndProject
Global
	GlobalSection(SolutionConfigurationPlatforms) = preSolution
		Debug|Any CPU = Debug|Any CPU
		Debug|x64 = Debug|x64
		Release|Any CPU = Release|Any CPU
		Release|x64 = Release|x64
	EndGlobalSection
	GlobalSection(ProjectConfigurationPlatforms) = postSolution
		{928283B9-5511-4DD4-905E-9A8B8D532344}.Debug|Any CPU.ActiveCfg = Debug|Any CPU
		{928283B9-5511-4DD4-905E-9A8B8D532344}.Debug|Any CPU.Build.0 = Debug|Any CPU
		{928283B9-5511-4DD4-905E-9A8B8D532344}.Debug|x64.ActiveCfg = Debug|x64
		{928283B9-5511-4DD4-905E-9A8B8D532344}.Debug|x64.Build.0 = Debug|x64
		{928283B9-5511-4DD4-905E-9A8B8D532344}.Release|Any CPU.ActiveCfg = Release|Any CPU
		{928283B9-5511-4DD4-905E-9A8B8D532344}.Release|Any CPU.Build.0 = Release|Any CPU
		{928283B9-5511-4DD4-905E-9A8B8D532344}.Release|x64.ActiveCfg = Release|x64
		{928283B9-5511-4DD4-905E-9A8B8D532344}.Release|x64.Build.0 = Release|x64
		{20747327-396B-49AB-ADAF-BB66B78D94A1}.Debug|Any CPU.ActiveCfg = Debug|Any CPU
		{20747327-396B-49AB-ADAF-BB66B78D94A1}.Debug|Any CPU.Build.0 = Debug|Any CPU
		{20747327-396B-49AB-ADAF-BB66B78D94A1}.Debug|x64.ActiveCfg = Debug|x64
		{20747327-396B-49AB-ADAF-BB66B78D94A1}.Debug|x64.Build.0 = Debug|x64
		{20747327-396B-49AB-ADAF-BB66B78D94A1}.Release|Any CPU.ActiveCfg = Release|Any CPU
		{20747327-396B-49AB-ADAF-BB66B78D94A1}.Release|Any CPU.Build.0 = Release|Any CPU
		{20747327-396B-49AB-ADAF-BB66B78D94A1}.Release|x64.ActiveCfg = Release|x64
		{20747327-396B-49AB-ADAF-BB66B78D94A1}.Release|x64.Build.0 = Release|x64
	EndGlobalSection
	GlobalSection(SolutionProperties) = preSolution
		HideSolutionNode = FALSE
	EndGlobalSection
EndGlobal
