
Microsoft Visual Studio Solution File, Format Version 12.00
# Visual Studio 14
VisualStudioVersion = 14.0.23107.0
MinimumVisualStudioVersion = 10.0.40219.1
Project("{FAE04EC0-301F-11D3-BF4B-00C04F79EFBC}") = "SEA", "SEA.csproj", "{B1EC5B4E-F633-48AB-8D08-E852952B63A5}"
EndProject
Global
	GlobalSection(SolutionConfigurationPlatforms) = preSolution
		Debug|Any CPU = Debug|Any CPU
		Release|Any CPU = Release|Any CPU
	EndGlobalSection
	GlobalSection(ProjectConfigurationPlatforms) = postSolution
		{B1EC5B4E-F633-48AB-8D08-E852952B63A5}.Debug|Any CPU.ActiveCfg = Debug|Any CPU
		{B1EC5B4E-F633-48AB-8D08-E852952B63A5}.Debug|Any CPU.Build.0 = Debug|Any CPU
		{B1EC5B4E-F633-48AB-8D08-E852952B63A5}.Release|Any CPU.ActiveCfg = Release|Any CPU
		{B1EC5B4E-F633-48AB-8D08-E852952B63A5}.Release|Any CPU.Build.0 = Release|Any CPU
	EndGlobalSection
	GlobalSection(SolutionProperties) = preSolution
		HideSolutionNode = FALSE
	EndGlobalSection
EndGlobal
